
Microsoft Visual Studio Solution File, Format Version 11.00
# Visual Studio 2010
Project("{2150E333-8FDC-42A3-9474-1A3956D46DE8}") = "Common", "Common", "{67DA7191-38DE-4AB5-BECA-D010DCF3E12B}"
	ProjectSection(SolutionItems) = preProject
		CommonAssemblyInfo.cs = CommonAssemblyInfo.cs
		Credits.md = Credits.md
		History.md = History.md
		License.md = License.md
		..\README.md = ..\README.md
	EndProjectSection
EndProject
Project("{2150E333-8FDC-42A3-9474-1A3956D46DE8}") = "Tests and Tools", "Tests and Tools", "{FD802853-6426-4B07-9759-1BF6FA00BAE7}"
EndProject
Project("{FAE04EC0-301F-11D3-BF4B-00C04F79EFBC}") = "FxDetector", "TestsAndTools\FxDetector\FxDetector.csproj", "{05F35B51-88B5-43CE-AEFA-BA9E47EE377C}"
EndProject
Project("{FAE04EC0-301F-11D3-BF4B-00C04F79EFBC}") = "Hawkeye.DemoProject.N2", "TestsAndTools\Hawkeye.DemoProject\Hawkeye.DemoProject.N2.csproj", "{F89E4240-03FD-4BA1-BDAD-D4E779950FB7}"
EndProject
Project("{FAE04EC0-301F-11D3-BF4B-00C04F79EFBC}") = "Hawkeye.DemoProject.N4", "TestsAndTools\Hawkeye.DemoProject\Hawkeye.DemoProject.N4.csproj", "{FDF1D4EB-8AFB-4417-8396-54B6BA55A9AC}"
EndProject
Project("{2150E333-8FDC-42A3-9474-1A3956D46DE8}") = "Plugins", "Plugins", "{3EA22717-FCBD-4834-BA48-6C13D31267E8}"
EndProject
Project("{FAE04EC0-301F-11D3-BF4B-00C04F79EFBC}") = "Hawkeye.Plugins.Snapshot", "Plugins\Hawkeye.Plugins.Snapshot\Hawkeye.Plugins.Snapshot.csproj", "{AAAA7CD4-0709-4736-9361-0B116C70870F}"
EndProject
Project("{FAE04EC0-301F-11D3-BF4B-00C04F79EFBC}") = "Hawkeye.Api", "Hawkeye.Api\Hawkeye.Api.csproj", "{854D919B-FABD-4D9B-ADAF-CA94ECAAD70E}"
EndProject
Project("{FAE04EC0-301F-11D3-BF4B-00C04F79EFBC}") = "Hawkeye.Plugins.SearchBox", "Plugins\Hawkeye.Plugins.SearchBox\Hawkeye.Plugins.SearchBox.csproj", "{165F5B49-0F1D-428E-8201-D5D66F47C0D6}"
EndProject
Project("{FAE04EC0-301F-11D3-BF4B-00C04F79EFBC}") = "Hawkeye.Core", "Hawkeye.Core\Hawkeye.Core.csproj", "{DE23092D-7853-47FC-BAFD-9DB917408717}"
EndProject
Project("{FAE04EC0-301F-11D3-BF4B-00C04F79EFBC}") = "Hawkeye", "Hawkeye\Hawkeye.csproj", "{80334CD2-7D8A-459D-80C5-C16FC660DDC7}"
EndProject
Global
	GlobalSection(SolutionConfigurationPlatforms) = preSolution
		Debug|Any CPU = Debug|Any CPU
		Debug|Mixed Platforms = Debug|Mixed Platforms
		Debug|x64 = Debug|x64
		Debug|x86 = Debug|x86
		Release|Any CPU = Release|Any CPU
		Release|Mixed Platforms = Release|Mixed Platforms
		Release|x64 = Release|x64
		Release|x86 = Release|x86
	EndGlobalSection
	GlobalSection(ProjectConfigurationPlatforms) = postSolution
		{05F35B51-88B5-43CE-AEFA-BA9E47EE377C}.Debug|Any CPU.ActiveCfg = Debug|Any CPU
		{05F35B51-88B5-43CE-AEFA-BA9E47EE377C}.Debug|Any CPU.Build.0 = Debug|Any CPU
		{05F35B51-88B5-43CE-AEFA-BA9E47EE377C}.Debug|Mixed Platforms.ActiveCfg = Debug|x86
		{05F35B51-88B5-43CE-AEFA-BA9E47EE377C}.Debug|Mixed Platforms.Build.0 = Debug|x86
		{05F35B51-88B5-43CE-AEFA-BA9E47EE377C}.Debug|x64.ActiveCfg = Debug|x64
		{05F35B51-88B5-43CE-AEFA-BA9E47EE377C}.Debug|x64.Build.0 = Debug|x64
		{05F35B51-88B5-43CE-AEFA-BA9E47EE377C}.Debug|x86.ActiveCfg = Debug|x86
		{05F35B51-88B5-43CE-AEFA-BA9E47EE377C}.Debug|x86.Build.0 = Debug|x86
		{05F35B51-88B5-43CE-AEFA-BA9E47EE377C}.Release|Any CPU.ActiveCfg = Release|Any CPU
		{05F35B51-88B5-43CE-AEFA-BA9E47EE377C}.Release|Any CPU.Build.0 = Release|Any CPU
		{05F35B51-88B5-43CE-AEFA-BA9E47EE377C}.Release|Mixed Platforms.ActiveCfg = Release|x86
		{05F35B51-88B5-43CE-AEFA-BA9E47EE377C}.Release|Mixed Platforms.Build.0 = Release|x86
		{05F35B51-88B5-43CE-AEFA-BA9E47EE377C}.Release|x64.ActiveCfg = Release|x64
		{05F35B51-88B5-43CE-AEFA-BA9E47EE377C}.Release|x64.Build.0 = Release|x64
		{05F35B51-88B5-43CE-AEFA-BA9E47EE377C}.Release|x86.ActiveCfg = Release|x86
		{05F35B51-88B5-43CE-AEFA-BA9E47EE377C}.Release|x86.Build.0 = Release|x86
		{F89E4240-03FD-4BA1-BDAD-D4E779950FB7}.Debug|Any CPU.ActiveCfg = Debug|Any CPU
		{F89E4240-03FD-4BA1-BDAD-D4E779950FB7}.Debug|Any CPU.Build.0 = Debug|Any CPU
		{F89E4240-03FD-4BA1-BDAD-D4E779950FB7}.Debug|Mixed Platforms.ActiveCfg = Debug|x86
		{F89E4240-03FD-4BA1-BDAD-D4E779950FB7}.Debug|Mixed Platforms.Build.0 = Debug|x86
		{F89E4240-03FD-4BA1-BDAD-D4E779950FB7}.Debug|x64.ActiveCfg = Debug|x64
		{F89E4240-03FD-4BA1-BDAD-D4E779950FB7}.Debug|x64.Build.0 = Debug|x64
		{F89E4240-03FD-4BA1-BDAD-D4E779950FB7}.Debug|x86.ActiveCfg = Debug|x86
		{F89E4240-03FD-4BA1-BDAD-D4E779950FB7}.Debug|x86.Build.0 = Debug|x86
		{F89E4240-03FD-4BA1-BDAD-D4E779950FB7}.Release|Any CPU.ActiveCfg = Release|Any CPU
		{F89E4240-03FD-4BA1-BDAD-D4E779950FB7}.Release|Any CPU.Build.0 = Release|Any CPU
		{F89E4240-03FD-4BA1-BDAD-D4E779950FB7}.Release|Mixed Platforms.ActiveCfg = Release|x86
		{F89E4240-03FD-4BA1-BDAD-D4E779950FB7}.Release|Mixed Platforms.Build.0 = Release|x86
		{F89E4240-03FD-4BA1-BDAD-D4E779950FB7}.Release|x64.ActiveCfg = Release|x64
		{F89E4240-03FD-4BA1-BDAD-D4E779950FB7}.Release|x64.Build.0 = Release|x64
		{F89E4240-03FD-4BA1-BDAD-D4E779950FB7}.Release|x86.ActiveCfg = Release|x86
		{F89E4240-03FD-4BA1-BDAD-D4E779950FB7}.Release|x86.Build.0 = Release|x86
		{FDF1D4EB-8AFB-4417-8396-54B6BA55A9AC}.Debug|Any CPU.ActiveCfg = Debug|Any CPU
		{FDF1D4EB-8AFB-4417-8396-54B6BA55A9AC}.Debug|Any CPU.Build.0 = Debug|Any CPU
		{FDF1D4EB-8AFB-4417-8396-54B6BA55A9AC}.Debug|Mixed Platforms.ActiveCfg = Debug|x86
		{FDF1D4EB-8AFB-4417-8396-54B6BA55A9AC}.Debug|Mixed Platforms.Build.0 = Debug|x86
		{FDF1D4EB-8AFB-4417-8396-54B6BA55A9AC}.Debug|x64.ActiveCfg = Debug|x64
		{FDF1D4EB-8AFB-4417-8396-54B6BA55A9AC}.Debug|x64.Build.0 = Debug|x64
		{FDF1D4EB-8AFB-4417-8396-54B6BA55A9AC}.Debug|x86.ActiveCfg = Debug|x86
		{FDF1D4EB-8AFB-4417-8396-54B6BA55A9AC}.Debug|x86.Build.0 = Debug|x86
		{FDF1D4EB-8AFB-4417-8396-54B6BA55A9AC}.Release|Any CPU.ActiveCfg = Release|Any CPU
		{FDF1D4EB-8AFB-4417-8396-54B6BA55A9AC}.Release|Any CPU.Build.0 = Release|Any CPU
		{FDF1D4EB-8AFB-4417-8396-54B6BA55A9AC}.Release|Mixed Platforms.ActiveCfg = Release|x86
		{FDF1D4EB-8AFB-4417-8396-54B6BA55A9AC}.Release|Mixed Platforms.Build.0 = Release|x86
		{FDF1D4EB-8AFB-4417-8396-54B6BA55A9AC}.Release|x64.ActiveCfg = Release|x64
		{FDF1D4EB-8AFB-4417-8396-54B6BA55A9AC}.Release|x64.Build.0 = Release|x64
		{FDF1D4EB-8AFB-4417-8396-54B6BA55A9AC}.Release|x86.ActiveCfg = Release|x86
		{FDF1D4EB-8AFB-4417-8396-54B6BA55A9AC}.Release|x86.Build.0 = Release|x86
		{AAAA7CD4-0709-4736-9361-0B116C70870F}.Debug|Any CPU.ActiveCfg = Debug|Any CPU
		{AAAA7CD4-0709-4736-9361-0B116C70870F}.Debug|Any CPU.Build.0 = Debug|Any CPU
		{AAAA7CD4-0709-4736-9361-0B116C70870F}.Debug|Mixed Platforms.ActiveCfg = Debug|Any CPU
		{AAAA7CD4-0709-4736-9361-0B116C70870F}.Debug|Mixed Platforms.Build.0 = Debug|Any CPU
		{AAAA7CD4-0709-4736-9361-0B116C70870F}.Debug|x64.ActiveCfg = Debug|Any CPU
		{AAAA7CD4-0709-4736-9361-0B116C70870F}.Debug|x86.ActiveCfg = Debug|Any CPU
		{AAAA7CD4-0709-4736-9361-0B116C70870F}.Release|Any CPU.ActiveCfg = Release|Any CPU
		{AAAA7CD4-0709-4736-9361-0B116C70870F}.Release|Any CPU.Build.0 = Release|Any CPU
		{AAAA7CD4-0709-4736-9361-0B116C70870F}.Release|Mixed Platforms.ActiveCfg = Release|Any CPU
		{AAAA7CD4-0709-4736-9361-0B116C70870F}.Release|Mixed Platforms.Build.0 = Release|Any CPU
		{AAAA7CD4-0709-4736-9361-0B116C70870F}.Release|x64.ActiveCfg = Release|Any CPU
		{AAAA7CD4-0709-4736-9361-0B116C70870F}.Release|x86.ActiveCfg = Release|Any CPU
		{854D919B-FABD-4D9B-ADAF-CA94ECAAD70E}.Debug|Any CPU.ActiveCfg = Debug|Any CPU
		{854D919B-FABD-4D9B-ADAF-CA94ECAAD70E}.Debug|Any CPU.Build.0 = Debug|Any CPU
		{854D919B-FABD-4D9B-ADAF-CA94ECAAD70E}.Debug|Mixed Platforms.ActiveCfg = Debug|Any CPU
		{854D919B-FABD-4D9B-ADAF-CA94ECAAD70E}.Debug|Mixed Platforms.Build.0 = Debug|Any CPU
		{854D919B-FABD-4D9B-ADAF-CA94ECAAD70E}.Debug|x64.ActiveCfg = Debug|Any CPU
		{854D919B-FABD-4D9B-ADAF-CA94ECAAD70E}.Debug|x86.ActiveCfg = Debug|Any CPU
		{854D919B-FABD-4D9B-ADAF-CA94ECAAD70E}.Release|Any CPU.ActiveCfg = Release|Any CPU
		{854D919B-FABD-4D9B-ADAF-CA94ECAAD70E}.Release|Any CPU.Build.0 = Release|Any CPU
		{854D919B-FABD-4D9B-ADAF-CA94ECAAD70E}.Release|Mixed Platforms.ActiveCfg = Release|Any CPU
		{854D919B-FABD-4D9B-ADAF-CA94ECAAD70E}.Release|Mixed Platforms.Build.0 = Release|Any CPU
		{854D919B-FABD-4D9B-ADAF-CA94ECAAD70E}.Release|x64.ActiveCfg = Release|Any CPU
		{854D919B-FABD-4D9B-ADAF-CA94ECAAD70E}.Release|x86.ActiveCfg = Release|Any CPU
		{165F5B49-0F1D-428E-8201-D5D66F47C0D6}.Debug|Any CPU.ActiveCfg = Debug|Any CPU
		{165F5B49-0F1D-428E-8201-D5D66F47C0D6}.Debug|Any CPU.Build.0 = Debug|Any CPU
		{165F5B49-0F1D-428E-8201-D5D66F47C0D6}.Debug|Mixed Platforms.ActiveCfg = Debug|Any CPU
		{165F5B49-0F1D-428E-8201-D5D66F47C0D6}.Debug|Mixed Platforms.Build.0 = Debug|Any CPU
		{165F5B49-0F1D-428E-8201-D5D66F47C0D6}.Debug|x64.ActiveCfg = Debug|Any CPU
		{165F5B49-0F1D-428E-8201-D5D66F47C0D6}.Debug|x86.ActiveCfg = Debug|Any CPU
		{165F5B49-0F1D-428E-8201-D5D66F47C0D6}.Release|Any CPU.ActiveCfg = Release|Any CPU
		{165F5B49-0F1D-428E-8201-D5D66F47C0D6}.Release|Any CPU.Build.0 = Release|Any CPU
		{165F5B49-0F1D-428E-8201-D5D66F47C0D6}.Release|Mixed Platforms.ActiveCfg = Release|Any CPU
		{165F5B49-0F1D-428E-8201-D5D66F47C0D6}.Release|Mixed Platforms.Build.0 = Release|Any CPU
		{165F5B49-0F1D-428E-8201-D5D66F47C0D6}.Release|x64.ActiveCfg = Release|Any CPU
		{165F5B49-0F1D-428E-8201-D5D66F47C0D6}.Release|x86.ActiveCfg = Release|Any CPU
		{DE23092D-7853-47FC-BAFD-9DB917408717}.Debug|Any CPU.ActiveCfg = Debug|Any CPU
		{DE23092D-7853-47FC-BAFD-9DB917408717}.Debug|Any CPU.Build.0 = Debug|Any CPU
		{DE23092D-7853-47FC-BAFD-9DB917408717}.Debug|Mixed Platforms.ActiveCfg = Debug|Any CPU
		{DE23092D-7853-47FC-BAFD-9DB917408717}.Debug|Mixed Platforms.Build.0 = Debug|Any CPU
		{DE23092D-7853-47FC-BAFD-9DB917408717}.Debug|x64.ActiveCfg = Debug|Any CPU
		{DE23092D-7853-47FC-BAFD-9DB917408717}.Debug|x86.ActiveCfg = Debug|Any CPU
		{DE23092D-7853-47FC-BAFD-9DB917408717}.Release|Any CPU.ActiveCfg = Release|Any CPU
		{DE23092D-7853-47FC-BAFD-9DB917408717}.Release|Any CPU.Build.0 = Release|Any CPU
		{DE23092D-7853-47FC-BAFD-9DB917408717}.Release|Mixed Platforms.ActiveCfg = Release|Any CPU
		{DE23092D-7853-47FC-BAFD-9DB917408717}.Release|Mixed Platforms.Build.0 = Release|Any CPU
		{DE23092D-7853-47FC-BAFD-9DB917408717}.Release|x64.ActiveCfg = Release|Any CPU
		{DE23092D-7853-47FC-BAFD-9DB917408717}.Release|x86.ActiveCfg = Release|Any CPU
		{80334CD2-7D8A-459D-80C5-C16FC660DDC7}.Debug|Any CPU.ActiveCfg = Debug|x86
		{80334CD2-7D8A-459D-80C5-C16FC660DDC7}.Debug|Mixed Platforms.ActiveCfg = Debug|x86
		{80334CD2-7D8A-459D-80C5-C16FC660DDC7}.Debug|Mixed Platforms.Build.0 = Debug|x86
		{80334CD2-7D8A-459D-80C5-C16FC660DDC7}.Debug|x64.ActiveCfg = Debug|x86
		{80334CD2-7D8A-459D-80C5-C16FC660DDC7}.Debug|x86.ActiveCfg = Debug|x86
		{80334CD2-7D8A-459D-80C5-C16FC660DDC7}.Debug|x86.Build.0 = Debug|x86
		{80334CD2-7D8A-459D-80C5-C16FC660DDC7}.Release|Any CPU.ActiveCfg = Release|x86
		{80334CD2-7D8A-459D-80C5-C16FC660DDC7}.Release|Mixed Platforms.ActiveCfg = Release|x86
		{80334CD2-7D8A-459D-80C5-C16FC660DDC7}.Release|Mixed Platforms.Build.0 = Release|x86
		{80334CD2-7D8A-459D-80C5-C16FC660DDC7}.Release|x64.ActiveCfg = Release|x86
		{80334CD2-7D8A-459D-80C5-C16FC660DDC7}.Release|x86.ActiveCfg = Release|x86
		{80334CD2-7D8A-459D-80C5-C16FC660DDC7}.Release|x86.Build.0 = Release|x86
	EndGlobalSection
	GlobalSection(SolutionProperties) = preSolution
		HideSolutionNode = FALSE
	EndGlobalSection
	GlobalSection(NestedProjects) = preSolution
		{05F35B51-88B5-43CE-AEFA-BA9E47EE377C} = {FD802853-6426-4B07-9759-1BF6FA00BAE7}
		{F89E4240-03FD-4BA1-BDAD-D4E779950FB7} = {FD802853-6426-4B07-9759-1BF6FA00BAE7}
		{FDF1D4EB-8AFB-4417-8396-54B6BA55A9AC} = {FD802853-6426-4B07-9759-1BF6FA00BAE7}
		{AAAA7CD4-0709-4736-9361-0B116C70870F} = {3EA22717-FCBD-4834-BA48-6C13D31267E8}
		{165F5B49-0F1D-428E-8201-D5D66F47C0D6} = {3EA22717-FCBD-4834-BA48-6C13D31267E8}
	EndGlobalSection
EndGlobal
