
Microsoft Visual Studio Solution File, Format Version 11.00
# Visual Studio 2010
Project("{2150E333-8FDC-42A3-9474-1A3956D46DE8}") = "Common", "Common", "{67DA7191-38DE-4AB5-BECA-D010DCF3E12B}"
	ProjectSection(SolutionItems) = preProject
		CommonAssemblyInfo.cs = CommonAssemblyInfo.cs
		Credits.md = Credits.md
		History.md = History.md
		License.md = License.md
		..\README.md = ..\README.md
	EndProjectSection
EndProject
Project("{2150E333-8FDC-42A3-9474-1A3956D46DE8}") = "Tests and Tools", "Tests and Tools", "{FD802853-6426-4B07-9759-1BF6FA00BAE7}"
EndProject
Project("{FAE04EC0-301F-11D3-BF4B-00C04F79EFBC}") = "FxDetector", "TestsAndTools\FxDetector\FxDetector.csproj", "{05F35B51-88B5-43CE-AEFA-BA9E47EE377C}"
EndProject
Project("{FAE04EC0-301F-11D3-BF4B-00C04F79EFBC}") = "Hawkeye.DemoProject.N2.x86", "TestsAndTools\Hawkeye.DemoProject\Hawkeye.DemoProject.N2.x86.csproj", "{F89E4240-03FD-4BA1-BDAD-D4E779950FB7}"
EndProject
Project("{FAE04EC0-301F-11D3-BF4B-00C04F79EFBC}") = "Hawkeye.DemoProject.N4.x86", "TestsAndTools\Hawkeye.DemoProject\Hawkeye.DemoProject.N4.x86.csproj", "{FDF1D4EB-8AFB-4417-8396-54B6BA55A9AC}"
EndProject
Project("{2150E333-8FDC-42A3-9474-1A3956D46DE8}") = "Plugins", "Plugins", "{3EA22717-FCBD-4834-BA48-6C13D31267E8}"
EndProject
Project("{FAE04EC0-301F-11D3-BF4B-00C04F79EFBC}") = "Hawkeye.Api", "Hawkeye.Api\Hawkeye.Api.csproj", "{854D919B-FABD-4D9B-ADAF-CA94ECAAD70E}"
EndProject
Project("{FAE04EC0-301F-11D3-BF4B-00C04F79EFBC}") = "Hawkeye.Core", "Hawkeye.Core\Hawkeye.Core.csproj", "{DE23092D-7853-47FC-BAFD-9DB917408717}"
EndProject
Project("{FAE04EC0-301F-11D3-BF4B-00C04F79EFBC}") = "Hawkeye", "Hawkeye\Hawkeye.csproj", "{80334CD2-7D8A-459D-80C5-C16FC660DDC7}"
EndProject
Project("{FAE04EC0-301F-11D3-BF4B-00C04F79EFBC}") = "Hawkeye.DemoProject.N4.x64", "TestsAndTools\Hawkeye.DemoProject\Hawkeye.DemoProject.N4.x64.csproj", "{703E71EC-0EB6-410D-B520-62FF78655C4A}"
EndProject
Project("{FAE04EC0-301F-11D3-BF4B-00C04F79EFBC}") = "Hawkeye.DemoProject.N2.x64", "TestsAndTools\Hawkeye.DemoProject\Hawkeye.DemoProject.N2.x64.csproj", "{00886C93-7079-48E6-A92B-0A36A69E8C3A}"
EndProject
Project("{2150E333-8FDC-42A3-9474-1A3956D46DE8}") = "Bootstrap", "Bootstrap", "{0DDFADEA-5F53-40DE-B4F8-6D93E567FB0E}"
EndProject
Project("{8BC9CEB8-8B4A-11D0-8D11-00A0C91BC942}") = "HawkeyeInjectorN2x86", "HawkeyeInjector\HawkeyeInjectorN2x86.vcxproj", "{5403CEA2-F8E6-4B2D-B25C-4DAC65A6216C}"
EndProject
Project("{FAE04EC0-301F-11D3-BF4B-00C04F79EFBC}") = "HawkeyeBootstrapN2x86", "HawkeyeBootstrap\HawkeyeBootstrapN2x86.csproj", "{04C22ADE-B620-4753-9ED7-01A70234E25D}"
EndProject
Project("{8BC9CEB8-8B4A-11D0-8D11-00A0C91BC942}") = "HawkeyeInjectorN2x64", "HawkeyeInjector\HawkeyeInjectorN2x64.vcxproj", "{C29817A9-3696-421D-89BD-F66681657C37}"
EndProject
Project("{FAE04EC0-301F-11D3-BF4B-00C04F79EFBC}") = "HawkeyeBootstrapN2x64", "HawkeyeBootstrap\HawkeyeBootstrapN2x64.csproj", "{9A73DE40-3C9D-4219-BF2D-2BF43897A0CF}"
EndProject
Project("{FAE04EC0-301F-11D3-BF4B-00C04F79EFBC}") = "HawkeyeBootstrapN4x86", "HawkeyeBootstrap\HawkeyeBootstrapN4x86.csproj", "{C1E8C6A5-0FDE-445D-988C-C7A8F2EE9EEE}"
EndProject
Project("{FAE04EC0-301F-11D3-BF4B-00C04F79EFBC}") = "HawkeyeBootstrapN4x64", "HawkeyeBootstrap\HawkeyeBootstrapN4x64.csproj", "{F5B89301-7B16-40E4-857F-F761341F0C15}"
EndProject
Project("{8BC9CEB8-8B4A-11D0-8D11-00A0C91BC942}") = "HawkeyeInjectorN4x86", "HawkeyeInjector\HawkeyeInjectorN4x86.vcxproj", "{8072B47B-5611-4BAB-8EF4-CB3125D676A5}"
EndProject
Project("{8BC9CEB8-8B4A-11D0-8D11-00A0C91BC942}") = "HawkeyeInjectorN4x64", "HawkeyeInjector\HawkeyeInjectorN4x64.vcxproj", "{A27C8B34-2527-4258-8C07-D2720C576B90}"
EndProject
Project("{FAE04EC0-301F-11D3-BF4B-00C04F79EFBC}") = "ScreenInfo", "TestsAndTools\ScreenInfo\ScreenInfo.csproj", "{2FAE624D-9A18-4933-8678-C64D837AB84A}"
EndProject
Project("{FAE04EC0-301F-11D3-BF4B-00C04F79EFBC}") = "Hawkeye.CapturePlugin", "Plugins\Hawkeye.CapturePlugin\Hawkeye.CapturePlugin.csproj", "{D42CF19F-6B4D-4019-8670-1F76AC23DF5B}"
EndProject
Project("{FAE04EC0-301F-11D3-BF4B-00C04F79EFBC}") = "Hawkeye.DecompilePlugin", "Plugins\Hawkeye.DecompilePlugin\Hawkeye.DecompilePlugin.csproj", "{A18C30D4-F4AA-4A31-9CF6-9F22BA457491}"
EndProject
Global
	GlobalSection(SolutionConfigurationPlatforms) = preSolution
		Debug|Any CPU = Debug|Any CPU
		Debug|Mixed Platforms = Debug|Mixed Platforms
		Debug|x86 = Debug|x86
		Release|Any CPU = Release|Any CPU
		Release|Mixed Platforms = Release|Mixed Platforms
		Release|x86 = Release|x86
	EndGlobalSection
	GlobalSection(ProjectConfigurationPlatforms) = postSolution
		{05F35B51-88B5-43CE-AEFA-BA9E47EE377C}.Debug|Any CPU.ActiveCfg = Debug|Any CPU
		{05F35B51-88B5-43CE-AEFA-BA9E47EE377C}.Debug|Any CPU.Build.0 = Debug|Any CPU
		{05F35B51-88B5-43CE-AEFA-BA9E47EE377C}.Debug|Mixed Platforms.ActiveCfg = Debug|Any CPU
		{05F35B51-88B5-43CE-AEFA-BA9E47EE377C}.Debug|Mixed Platforms.Build.0 = Debug|Any CPU
		{05F35B51-88B5-43CE-AEFA-BA9E47EE377C}.Debug|x86.ActiveCfg = Debug|x86
		{05F35B51-88B5-43CE-AEFA-BA9E47EE377C}.Debug|x86.Build.0 = Debug|x86
		{05F35B51-88B5-43CE-AEFA-BA9E47EE377C}.Release|Any CPU.ActiveCfg = Release|Any CPU
		{05F35B51-88B5-43CE-AEFA-BA9E47EE377C}.Release|Any CPU.Build.0 = Release|Any CPU
		{05F35B51-88B5-43CE-AEFA-BA9E47EE377C}.Release|Mixed Platforms.ActiveCfg = Release|x86
		{05F35B51-88B5-43CE-AEFA-BA9E47EE377C}.Release|Mixed Platforms.Build.0 = Release|x86
		{05F35B51-88B5-43CE-AEFA-BA9E47EE377C}.Release|x86.ActiveCfg = Release|x86
		{05F35B51-88B5-43CE-AEFA-BA9E47EE377C}.Release|x86.Build.0 = Release|x86
		{F89E4240-03FD-4BA1-BDAD-D4E779950FB7}.Debug|Any CPU.ActiveCfg = Debug|x86
		{F89E4240-03FD-4BA1-BDAD-D4E779950FB7}.Debug|Mixed Platforms.ActiveCfg = Debug|x86
		{F89E4240-03FD-4BA1-BDAD-D4E779950FB7}.Debug|Mixed Platforms.Build.0 = Debug|x86
		{F89E4240-03FD-4BA1-BDAD-D4E779950FB7}.Debug|x86.ActiveCfg = Debug|x86
		{F89E4240-03FD-4BA1-BDAD-D4E779950FB7}.Debug|x86.Build.0 = Debug|x86
		{F89E4240-03FD-4BA1-BDAD-D4E779950FB7}.Release|Any CPU.ActiveCfg = Release|x86
		{F89E4240-03FD-4BA1-BDAD-D4E779950FB7}.Release|Mixed Platforms.ActiveCfg = Release|x86
		{F89E4240-03FD-4BA1-BDAD-D4E779950FB7}.Release|Mixed Platforms.Build.0 = Release|x86
		{F89E4240-03FD-4BA1-BDAD-D4E779950FB7}.Release|x86.ActiveCfg = Release|x86
		{F89E4240-03FD-4BA1-BDAD-D4E779950FB7}.Release|x86.Build.0 = Release|x86
		{FDF1D4EB-8AFB-4417-8396-54B6BA55A9AC}.Debug|Any CPU.ActiveCfg = Debug|x86
		{FDF1D4EB-8AFB-4417-8396-54B6BA55A9AC}.Debug|Mixed Platforms.ActiveCfg = Debug|x86
		{FDF1D4EB-8AFB-4417-8396-54B6BA55A9AC}.Debug|Mixed Platforms.Build.0 = Debug|x86
		{FDF1D4EB-8AFB-4417-8396-54B6BA55A9AC}.Debug|x86.ActiveCfg = Debug|x86
		{FDF1D4EB-8AFB-4417-8396-54B6BA55A9AC}.Debug|x86.Build.0 = Debug|x86
		{FDF1D4EB-8AFB-4417-8396-54B6BA55A9AC}.Release|Any CPU.ActiveCfg = Release|x86
		{FDF1D4EB-8AFB-4417-8396-54B6BA55A9AC}.Release|Mixed Platforms.ActiveCfg = Release|x86
		{FDF1D4EB-8AFB-4417-8396-54B6BA55A9AC}.Release|Mixed Platforms.Build.0 = Release|x86
		{FDF1D4EB-8AFB-4417-8396-54B6BA55A9AC}.Release|x86.ActiveCfg = Release|x86
		{FDF1D4EB-8AFB-4417-8396-54B6BA55A9AC}.Release|x86.Build.0 = Release|x86
		{854D919B-FABD-4D9B-ADAF-CA94ECAAD70E}.Debug|Any CPU.ActiveCfg = Debug|Any CPU
		{854D919B-FABD-4D9B-ADAF-CA94ECAAD70E}.Debug|Any CPU.Build.0 = Debug|Any CPU
		{854D919B-FABD-4D9B-ADAF-CA94ECAAD70E}.Debug|Mixed Platforms.ActiveCfg = Debug|Any CPU
		{854D919B-FABD-4D9B-ADAF-CA94ECAAD70E}.Debug|Mixed Platforms.Build.0 = Debug|Any CPU
		{854D919B-FABD-4D9B-ADAF-CA94ECAAD70E}.Debug|x86.ActiveCfg = Debug|Any CPU
		{854D919B-FABD-4D9B-ADAF-CA94ECAAD70E}.Release|Any CPU.ActiveCfg = Release|Any CPU
		{854D919B-FABD-4D9B-ADAF-CA94ECAAD70E}.Release|Any CPU.Build.0 = Release|Any CPU
		{854D919B-FABD-4D9B-ADAF-CA94ECAAD70E}.Release|Mixed Platforms.ActiveCfg = Release|Any CPU
		{854D919B-FABD-4D9B-ADAF-CA94ECAAD70E}.Release|Mixed Platforms.Build.0 = Release|Any CPU
		{854D919B-FABD-4D9B-ADAF-CA94ECAAD70E}.Release|x86.ActiveCfg = Release|Any CPU
		{DE23092D-7853-47FC-BAFD-9DB917408717}.Debug|Any CPU.ActiveCfg = Debug|Any CPU
		{DE23092D-7853-47FC-BAFD-9DB917408717}.Debug|Any CPU.Build.0 = Debug|Any CPU
		{DE23092D-7853-47FC-BAFD-9DB917408717}.Debug|Mixed Platforms.ActiveCfg = Debug|Any CPU
		{DE23092D-7853-47FC-BAFD-9DB917408717}.Debug|Mixed Platforms.Build.0 = Debug|Any CPU
		{DE23092D-7853-47FC-BAFD-9DB917408717}.Debug|x86.ActiveCfg = Debug|Any CPU
		{DE23092D-7853-47FC-BAFD-9DB917408717}.Release|Any CPU.ActiveCfg = Release|Any CPU
		{DE23092D-7853-47FC-BAFD-9DB917408717}.Release|Any CPU.Build.0 = Release|Any CPU
		{DE23092D-7853-47FC-BAFD-9DB917408717}.Release|Mixed Platforms.ActiveCfg = Release|Any CPU
		{DE23092D-7853-47FC-BAFD-9DB917408717}.Release|Mixed Platforms.Build.0 = Release|Any CPU
		{DE23092D-7853-47FC-BAFD-9DB917408717}.Release|x86.ActiveCfg = Release|Any CPU
		{80334CD2-7D8A-459D-80C5-C16FC660DDC7}.Debug|Any CPU.ActiveCfg = Debug|Any CPU
		{80334CD2-7D8A-459D-80C5-C16FC660DDC7}.Debug|Any CPU.Build.0 = Debug|Any CPU
		{80334CD2-7D8A-459D-80C5-C16FC660DDC7}.Debug|Mixed Platforms.ActiveCfg = Debug|Any CPU
		{80334CD2-7D8A-459D-80C5-C16FC660DDC7}.Debug|Mixed Platforms.Build.0 = Debug|Any CPU
		{80334CD2-7D8A-459D-80C5-C16FC660DDC7}.Debug|x86.ActiveCfg = Debug|Any CPU
		{80334CD2-7D8A-459D-80C5-C16FC660DDC7}.Release|Any CPU.ActiveCfg = Release|Any CPU
		{80334CD2-7D8A-459D-80C5-C16FC660DDC7}.Release|Any CPU.Build.0 = Release|Any CPU
		{80334CD2-7D8A-459D-80C5-C16FC660DDC7}.Release|Mixed Platforms.ActiveCfg = Release|Any CPU
		{80334CD2-7D8A-459D-80C5-C16FC660DDC7}.Release|Mixed Platforms.Build.0 = Release|Any CPU
		{80334CD2-7D8A-459D-80C5-C16FC660DDC7}.Release|x86.ActiveCfg = Release|Any CPU
		{703E71EC-0EB6-410D-B520-62FF78655C4A}.Debug|Any CPU.ActiveCfg = Debug|x64
		{703E71EC-0EB6-410D-B520-62FF78655C4A}.Debug|Mixed Platforms.ActiveCfg = Debug|x64
		{703E71EC-0EB6-410D-B520-62FF78655C4A}.Debug|Mixed Platforms.Build.0 = Debug|x64
		{703E71EC-0EB6-410D-B520-62FF78655C4A}.Debug|x86.ActiveCfg = Debug|x64
		{703E71EC-0EB6-410D-B520-62FF78655C4A}.Release|Any CPU.ActiveCfg = Release|x64
		{703E71EC-0EB6-410D-B520-62FF78655C4A}.Release|Mixed Platforms.ActiveCfg = Release|x64
		{703E71EC-0EB6-410D-B520-62FF78655C4A}.Release|Mixed Platforms.Build.0 = Release|x64
		{703E71EC-0EB6-410D-B520-62FF78655C4A}.Release|x86.ActiveCfg = Release|x64
		{00886C93-7079-48E6-A92B-0A36A69E8C3A}.Debug|Any CPU.ActiveCfg = Debug|x64
		{00886C93-7079-48E6-A92B-0A36A69E8C3A}.Debug|Mixed Platforms.ActiveCfg = Debug|x64
		{00886C93-7079-48E6-A92B-0A36A69E8C3A}.Debug|Mixed Platforms.Build.0 = Debug|x64
		{00886C93-7079-48E6-A92B-0A36A69E8C3A}.Debug|x86.ActiveCfg = Debug|x64
		{00886C93-7079-48E6-A92B-0A36A69E8C3A}.Release|Any CPU.ActiveCfg = Release|x64
		{00886C93-7079-48E6-A92B-0A36A69E8C3A}.Release|Mixed Platforms.ActiveCfg = Release|x64
		{00886C93-7079-48E6-A92B-0A36A69E8C3A}.Release|Mixed Platforms.Build.0 = Release|x64
		{00886C93-7079-48E6-A92B-0A36A69E8C3A}.Release|x86.ActiveCfg = Release|x64
		{5403CEA2-F8E6-4B2D-B25C-4DAC65A6216C}.Debug|Any CPU.ActiveCfg = Debug|Win32
		{5403CEA2-F8E6-4B2D-B25C-4DAC65A6216C}.Debug|Mixed Platforms.ActiveCfg = Debug|Win32
		{5403CEA2-F8E6-4B2D-B25C-4DAC65A6216C}.Debug|Mixed Platforms.Build.0 = Debug|Win32
		{5403CEA2-F8E6-4B2D-B25C-4DAC65A6216C}.Debug|x86.ActiveCfg = Debug|Win32
		{5403CEA2-F8E6-4B2D-B25C-4DAC65A6216C}.Release|Any CPU.ActiveCfg = Release|Win32
		{5403CEA2-F8E6-4B2D-B25C-4DAC65A6216C}.Release|Mixed Platforms.ActiveCfg = Release|Win32
		{5403CEA2-F8E6-4B2D-B25C-4DAC65A6216C}.Release|Mixed Platforms.Build.0 = Release|Win32
		{5403CEA2-F8E6-4B2D-B25C-4DAC65A6216C}.Release|x86.ActiveCfg = Release|Win32
		{04C22ADE-B620-4753-9ED7-01A70234E25D}.Debug|Any CPU.ActiveCfg = Debug|x86
		{04C22ADE-B620-4753-9ED7-01A70234E25D}.Debug|Mixed Platforms.ActiveCfg = Debug|x86
		{04C22ADE-B620-4753-9ED7-01A70234E25D}.Debug|Mixed Platforms.Build.0 = Debug|x86
		{04C22ADE-B620-4753-9ED7-01A70234E25D}.Debug|x86.ActiveCfg = Debug|x86
		{04C22ADE-B620-4753-9ED7-01A70234E25D}.Debug|x86.Build.0 = Debug|x86
		{04C22ADE-B620-4753-9ED7-01A70234E25D}.Release|Any CPU.ActiveCfg = Release|x86
		{04C22ADE-B620-4753-9ED7-01A70234E25D}.Release|Mixed Platforms.ActiveCfg = Release|x86
		{04C22ADE-B620-4753-9ED7-01A70234E25D}.Release|Mixed Platforms.Build.0 = Release|x86
		{04C22ADE-B620-4753-9ED7-01A70234E25D}.Release|x86.ActiveCfg = Release|x86
		{04C22ADE-B620-4753-9ED7-01A70234E25D}.Release|x86.Build.0 = Release|x86
		{C29817A9-3696-421D-89BD-F66681657C37}.Debug|Any CPU.ActiveCfg = Debug|x64
		{C29817A9-3696-421D-89BD-F66681657C37}.Debug|Mixed Platforms.ActiveCfg = Debug|x64
		{C29817A9-3696-421D-89BD-F66681657C37}.Debug|Mixed Platforms.Build.0 = Debug|x64
		{C29817A9-3696-421D-89BD-F66681657C37}.Debug|x86.ActiveCfg = Debug|x64
		{C29817A9-3696-421D-89BD-F66681657C37}.Release|Any CPU.ActiveCfg = Release|x64
		{C29817A9-3696-421D-89BD-F66681657C37}.Release|Mixed Platforms.ActiveCfg = Release|x64
		{C29817A9-3696-421D-89BD-F66681657C37}.Release|Mixed Platforms.Build.0 = Release|x64
		{C29817A9-3696-421D-89BD-F66681657C37}.Release|x86.ActiveCfg = Release|x64
		{9A73DE40-3C9D-4219-BF2D-2BF43897A0CF}.Debug|Any CPU.ActiveCfg = Debug|x64
		{9A73DE40-3C9D-4219-BF2D-2BF43897A0CF}.Debug|Mixed Platforms.ActiveCfg = Debug|x64
		{9A73DE40-3C9D-4219-BF2D-2BF43897A0CF}.Debug|Mixed Platforms.Build.0 = Debug|x64
		{9A73DE40-3C9D-4219-BF2D-2BF43897A0CF}.Debug|x86.ActiveCfg = Debug|x64
		{9A73DE40-3C9D-4219-BF2D-2BF43897A0CF}.Release|Any CPU.ActiveCfg = Release|x64
		{9A73DE40-3C9D-4219-BF2D-2BF43897A0CF}.Release|Mixed Platforms.ActiveCfg = Release|x64
		{9A73DE40-3C9D-4219-BF2D-2BF43897A0CF}.Release|Mixed Platforms.Build.0 = Release|x64
		{9A73DE40-3C9D-4219-BF2D-2BF43897A0CF}.Release|x86.ActiveCfg = Release|x64
		{C1E8C6A5-0FDE-445D-988C-C7A8F2EE9EEE}.Debug|Any CPU.ActiveCfg = Debug|x86
		{C1E8C6A5-0FDE-445D-988C-C7A8F2EE9EEE}.Debug|Mixed Platforms.ActiveCfg = Debug|x86
		{C1E8C6A5-0FDE-445D-988C-C7A8F2EE9EEE}.Debug|Mixed Platforms.Build.0 = Debug|x86
		{C1E8C6A5-0FDE-445D-988C-C7A8F2EE9EEE}.Debug|x86.ActiveCfg = Debug|x86
		{C1E8C6A5-0FDE-445D-988C-C7A8F2EE9EEE}.Debug|x86.Build.0 = Debug|x86
		{C1E8C6A5-0FDE-445D-988C-C7A8F2EE9EEE}.Release|Any CPU.ActiveCfg = Release|x86
		{C1E8C6A5-0FDE-445D-988C-C7A8F2EE9EEE}.Release|Mixed Platforms.ActiveCfg = Release|x86
		{C1E8C6A5-0FDE-445D-988C-C7A8F2EE9EEE}.Release|Mixed Platforms.Build.0 = Release|x86
		{C1E8C6A5-0FDE-445D-988C-C7A8F2EE9EEE}.Release|x86.ActiveCfg = Release|x86
		{C1E8C6A5-0FDE-445D-988C-C7A8F2EE9EEE}.Release|x86.Build.0 = Release|x86
		{F5B89301-7B16-40E4-857F-F761341F0C15}.Debug|Any CPU.ActiveCfg = Debug|x64
		{F5B89301-7B16-40E4-857F-F761341F0C15}.Debug|Mixed Platforms.ActiveCfg = Debug|x64
		{F5B89301-7B16-40E4-857F-F761341F0C15}.Debug|Mixed Platforms.Build.0 = Debug|x64
		{F5B89301-7B16-40E4-857F-F761341F0C15}.Debug|x86.ActiveCfg = Debug|x64
		{F5B89301-7B16-40E4-857F-F761341F0C15}.Release|Any CPU.ActiveCfg = Release|x64
		{F5B89301-7B16-40E4-857F-F761341F0C15}.Release|Mixed Platforms.ActiveCfg = Release|x64
		{F5B89301-7B16-40E4-857F-F761341F0C15}.Release|Mixed Platforms.Build.0 = Release|x64
		{F5B89301-7B16-40E4-857F-F761341F0C15}.Release|x86.ActiveCfg = Release|x64
		{8072B47B-5611-4BAB-8EF4-CB3125D676A5}.Debug|Any CPU.ActiveCfg = Debug|Win32
		{8072B47B-5611-4BAB-8EF4-CB3125D676A5}.Debug|Mixed Platforms.ActiveCfg = Debug|Win32
		{8072B47B-5611-4BAB-8EF4-CB3125D676A5}.Debug|Mixed Platforms.Build.0 = Debug|Win32
		{8072B47B-5611-4BAB-8EF4-CB3125D676A5}.Debug|x86.ActiveCfg = Debug|Win32
		{8072B47B-5611-4BAB-8EF4-CB3125D676A5}.Release|Any CPU.ActiveCfg = Release|Win32
		{8072B47B-5611-4BAB-8EF4-CB3125D676A5}.Release|Mixed Platforms.ActiveCfg = Release|Win32
		{8072B47B-5611-4BAB-8EF4-CB3125D676A5}.Release|Mixed Platforms.Build.0 = Release|Win32
		{8072B47B-5611-4BAB-8EF4-CB3125D676A5}.Release|x86.ActiveCfg = Release|Win32
		{A27C8B34-2527-4258-8C07-D2720C576B90}.Debug|Any CPU.ActiveCfg = Debug|x64
		{A27C8B34-2527-4258-8C07-D2720C576B90}.Debug|Mixed Platforms.ActiveCfg = Debug|x64
		{A27C8B34-2527-4258-8C07-D2720C576B90}.Debug|Mixed Platforms.Build.0 = Debug|x64
		{A27C8B34-2527-4258-8C07-D2720C576B90}.Debug|x86.ActiveCfg = Debug|x64
		{A27C8B34-2527-4258-8C07-D2720C576B90}.Release|Any CPU.ActiveCfg = Release|x64
		{A27C8B34-2527-4258-8C07-D2720C576B90}.Release|Mixed Platforms.ActiveCfg = Release|x64
		{A27C8B34-2527-4258-8C07-D2720C576B90}.Release|Mixed Platforms.Build.0 = Release|x64
		{A27C8B34-2527-4258-8C07-D2720C576B90}.Release|x86.ActiveCfg = Release|x64
		{2FAE624D-9A18-4933-8678-C64D837AB84A}.Debug|Any CPU.ActiveCfg = Debug|x86
		{2FAE624D-9A18-4933-8678-C64D837AB84A}.Debug|Mixed Platforms.ActiveCfg = Debug|x86
		{2FAE624D-9A18-4933-8678-C64D837AB84A}.Debug|Mixed Platforms.Build.0 = Debug|x86
		{2FAE624D-9A18-4933-8678-C64D837AB84A}.Debug|x86.ActiveCfg = Debug|x86
		{2FAE624D-9A18-4933-8678-C64D837AB84A}.Debug|x86.Build.0 = Debug|x86
		{2FAE624D-9A18-4933-8678-C64D837AB84A}.Release|Any CPU.ActiveCfg = Release|x86
		{2FAE624D-9A18-4933-8678-C64D837AB84A}.Release|Mixed Platforms.ActiveCfg = Release|x86
		{2FAE624D-9A18-4933-8678-C64D837AB84A}.Release|Mixed Platforms.Build.0 = Release|x86
		{2FAE624D-9A18-4933-8678-C64D837AB84A}.Release|x86.ActiveCfg = Release|x86
		{2FAE624D-9A18-4933-8678-C64D837AB84A}.Release|x86.Build.0 = Release|x86
		{D42CF19F-6B4D-4019-8670-1F76AC23DF5B}.Debug|Any CPU.ActiveCfg = Debug|Any CPU
		{D42CF19F-6B4D-4019-8670-1F76AC23DF5B}.Debug|Any CPU.Build.0 = Debug|Any CPU
		{D42CF19F-6B4D-4019-8670-1F76AC23DF5B}.Debug|Mixed Platforms.ActiveCfg = Debug|Any CPU
		{D42CF19F-6B4D-4019-8670-1F76AC23DF5B}.Debug|Mixed Platforms.Build.0 = Debug|Any CPU
		{D42CF19F-6B4D-4019-8670-1F76AC23DF5B}.Debug|x86.ActiveCfg = Debug|Any CPU
		{D42CF19F-6B4D-4019-8670-1F76AC23DF5B}.Release|Any CPU.ActiveCfg = Release|Any CPU
		{D42CF19F-6B4D-4019-8670-1F76AC23DF5B}.Release|Any CPU.Build.0 = Release|Any CPU
		{D42CF19F-6B4D-4019-8670-1F76AC23DF5B}.Release|Mixed Platforms.ActiveCfg = Release|Any CPU
		{D42CF19F-6B4D-4019-8670-1F76AC23DF5B}.Release|Mixed Platforms.Build.0 = Release|Any CPU
		{D42CF19F-6B4D-4019-8670-1F76AC23DF5B}.Release|x86.ActiveCfg = Release|Any CPU
		{A18C30D4-F4AA-4A31-9CF6-9F22BA457491}.Debug|Any CPU.ActiveCfg = Debug|Any CPU
		{A18C30D4-F4AA-4A31-9CF6-9F22BA457491}.Debug|Any CPU.Build.0 = Debug|Any CPU
		{A18C30D4-F4AA-4A31-9CF6-9F22BA457491}.Debug|Mixed Platforms.ActiveCfg = Debug|Any CPU
		{A18C30D4-F4AA-4A31-9CF6-9F22BA457491}.Debug|Mixed Platforms.Build.0 = Debug|Any CPU
		{A18C30D4-F4AA-4A31-9CF6-9F22BA457491}.Debug|x86.ActiveCfg = Debug|Any CPU
		{A18C30D4-F4AA-4A31-9CF6-9F22BA457491}.Release|Any CPU.ActiveCfg = Release|Any CPU
		{A18C30D4-F4AA-4A31-9CF6-9F22BA457491}.Release|Any CPU.Build.0 = Release|Any CPU
		{A18C30D4-F4AA-4A31-9CF6-9F22BA457491}.Release|Mixed Platforms.ActiveCfg = Release|Any CPU
		{A18C30D4-F4AA-4A31-9CF6-9F22BA457491}.Release|Mixed Platforms.Build.0 = Release|Any CPU
		{A18C30D4-F4AA-4A31-9CF6-9F22BA457491}.Release|x86.ActiveCfg = Release|Any CPU
	EndGlobalSection
	GlobalSection(SolutionProperties) = preSolution
		HideSolutionNode = FALSE
	EndGlobalSection
	GlobalSection(NestedProjects) = preSolution
		{05F35B51-88B5-43CE-AEFA-BA9E47EE377C} = {FD802853-6426-4B07-9759-1BF6FA00BAE7}
		{F89E4240-03FD-4BA1-BDAD-D4E779950FB7} = {FD802853-6426-4B07-9759-1BF6FA00BAE7}
		{FDF1D4EB-8AFB-4417-8396-54B6BA55A9AC} = {FD802853-6426-4B07-9759-1BF6FA00BAE7}
		{703E71EC-0EB6-410D-B520-62FF78655C4A} = {FD802853-6426-4B07-9759-1BF6FA00BAE7}
		{00886C93-7079-48E6-A92B-0A36A69E8C3A} = {FD802853-6426-4B07-9759-1BF6FA00BAE7}
		{2FAE624D-9A18-4933-8678-C64D837AB84A} = {FD802853-6426-4B07-9759-1BF6FA00BAE7}
		{D42CF19F-6B4D-4019-8670-1F76AC23DF5B} = {3EA22717-FCBD-4834-BA48-6C13D31267E8}
		{A18C30D4-F4AA-4A31-9CF6-9F22BA457491} = {3EA22717-FCBD-4834-BA48-6C13D31267E8}
		{5403CEA2-F8E6-4B2D-B25C-4DAC65A6216C} = {0DDFADEA-5F53-40DE-B4F8-6D93E567FB0E}
		{04C22ADE-B620-4753-9ED7-01A70234E25D} = {0DDFADEA-5F53-40DE-B4F8-6D93E567FB0E}
		{C29817A9-3696-421D-89BD-F66681657C37} = {0DDFADEA-5F53-40DE-B4F8-6D93E567FB0E}
		{9A73DE40-3C9D-4219-BF2D-2BF43897A0CF} = {0DDFADEA-5F53-40DE-B4F8-6D93E567FB0E}
		{C1E8C6A5-0FDE-445D-988C-C7A8F2EE9EEE} = {0DDFADEA-5F53-40DE-B4F8-6D93E567FB0E}
		{F5B89301-7B16-40E4-857F-F761341F0C15} = {0DDFADEA-5F53-40DE-B4F8-6D93E567FB0E}
		{8072B47B-5611-4BAB-8EF4-CB3125D676A5} = {0DDFADEA-5F53-40DE-B4F8-6D93E567FB0E}
		{A27C8B34-2527-4258-8C07-D2720C576B90} = {0DDFADEA-5F53-40DE-B4F8-6D93E567FB0E}
	EndGlobalSection
EndGlobal
